# This file is @generated by PDM.
# It is not intended for manual editing.

[metadata]
groups = ["default"]
strategy = ["inherit_metadata"]
lock_version = "4.5.0"
content_hash = "sha256:fe9a9dee04efb2ccc0e62b6f45758e0c7015e8d67062380fe954ec126fbfd91e"

[[metadata.targets]]
requires_python = ">=3.12"

[[package]]
name = "pip"
version = "24.2"
requires_python = ">=3.8"
summary = "The PyPA recommended tool for installing Python packages."
groups = ["default"]
files = [
    {file = "pip-24.2-py3-none-any.whl", hash = "sha256:2cd581cf58ab7fcfca4ce8efa6dcacd0de5bf8d0a3eb9ec927e07405f4d9e2a2"},
    {file = "pip-24.2.tar.gz", hash = "sha256:5b5e490b5e9cb275c879595064adce9ebd31b854e3e803740b72f9ccf34a45b8"},
]
